
Microsoft Visual Studio Solution File, Format Version 12.00
# Visual Studio 14
VisualStudioVersion = 14.0.25420.1
MinimumVisualStudioVersion = 10.0.40219.1
Project("{FAE04EC0-301F-11D3-BF4B-00C04F79EFBC}") = "Rays.Utility", "Rays.Utility\Rays.Utility.csproj", "{02587B36-CEBD-4E90-9A06-CC49006E66F4}"
EndProject
Project("{FAE04EC0-301F-11D3-BF4B-00C04F79EFBC}") = "AudioToolNew", "AudioTool-New\AudioToolNew.csproj", "{C2AC4141-327A-4F30-8DB1-56C5AB7EF316}"
EndProject
Global
	GlobalSection(SubversionScc) = preSolution
		Svn-Managed = True
		Manager = AnkhSVN - Subversion Support for Visual Studio
	EndGlobalSection
	GlobalSection(SolutionConfigurationPlatforms) = preSolution
		Debug|Any CPU = Debug|Any CPU
		Release|Any CPU = Release|Any CPU
	EndGlobalSection
	GlobalSection(ProjectConfigurationPlatforms) = postSolution
		{02587B36-CEBD-4E90-9A06-CC49006E66F4}.Debug|Any CPU.ActiveCfg = Debug|Any CPU
		{02587B36-CEBD-4E90-9A06-CC49006E66F4}.Debug|Any CPU.Build.0 = Debug|Any CPU
		{02587B36-CEBD-4E90-9A06-CC49006E66F4}.Release|Any CPU.ActiveCfg = Release|Any CPU
		{02587B36-CEBD-4E90-9A06-CC49006E66F4}.Release|Any CPU.Build.0 = Release|Any CPU
		{C2AC4141-327A-4F30-8DB1-56C5AB7EF316}.Debug|Any CPU.ActiveCfg = Debug|Any CPU
		{C2AC4141-327A-4F30-8DB1-56C5AB7EF316}.Debug|Any CPU.Build.0 = Debug|Any CPU
		{C2AC4141-327A-4F30-8DB1-56C5AB7EF316}.Release|Any CPU.ActiveCfg = Release|Any CPU
		{C2AC4141-327A-4F30-8DB1-56C5AB7EF316}.Release|Any CPU.Build.0 = Release|Any CPU
	EndGlobalSection
	GlobalSection(SolutionProperties) = preSolution
		HideSolutionNode = FALSE
	EndGlobalSection
EndGlobal
